
Microsoft Visual Studio Solution File, Format Version 12.00
# Visual Studio Version 17
VisualStudioVersion = 17.7.34031.279
MinimumVisualStudioVersion = 10.0.40219.1
Project("{FAE04EC0-301F-11D3-BF4B-00C04F79EFBC}") = "lab6", "lab6.csproj", "{326B91DA-A324-41EE-9ECF-C6AEEF23CC3D}"
EndProject
Global
	GlobalSection(SolutionConfigurationPlatforms) = preSolution
		Debug|Any CPU = Debug|Any CPU
		Release|Any CPU = Release|Any CPU
	EndGlobalSection
	GlobalSection(ProjectConfigurationPlatforms) = postSolution
		{326B91DA-A324-41EE-9ECF-C6AEEF23CC3D}.Debug|Any CPU.ActiveCfg = Debug|Any CPU
		{326B91DA-A324-41EE-9ECF-C6AEEF23CC3D}.Debug|Any CPU.Build.0 = Debug|Any CPU
		{326B91DA-A324-41EE-9ECF-C6AEEF23CC3D}.Release|Any CPU.ActiveCfg = Release|Any CPU
		{326B91DA-A324-41EE-9ECF-C6AEEF23CC3D}.Release|Any CPU.Build.0 = Release|Any CPU
	EndGlobalSection
	GlobalSection(SolutionProperties) = preSolution
		HideSolutionNode = FALSE
	EndGlobalSection
	GlobalSection(ExtensibilityGlobals) = postSolution
		SolutionGuid = {358CE204-30D3-4A63-B97C-84CEEED800A0}
	EndGlobalSection
EndGlobal
