
Microsoft Visual Studio Solution File, Format Version 12.00
# Visual Studio Version 17
VisualStudioVersion = 17.7.34031.279
MinimumVisualStudioVersion = 10.0.40219.1
Project("{9A19103F-16F7-4668-BE54-9A1E7A4F7556}") = "lab7", "lab7.csproj", "{BAFF8AE0-7A76-4A23-95D3-BF8A67018738}"
EndProject
Project("{FAE04EC0-301F-11D3-BF4B-00C04F79EFBC}") = "TestProject1", "..\TestProject1\TestProject1.csproj", "{CC65C70D-00E6-46C1-9349-A822C1443051}"
EndProject
Global
	GlobalSection(SolutionConfigurationPlatforms) = preSolution
		Debug|Any CPU = Debug|Any CPU
		Release|Any CPU = Release|Any CPU
	EndGlobalSection
	GlobalSection(ProjectConfigurationPlatforms) = postSolution
		{BAFF8AE0-7A76-4A23-95D3-BF8A67018738}.Debug|Any CPU.ActiveCfg = Debug|Any CPU
		{BAFF8AE0-7A76-4A23-95D3-BF8A67018738}.Debug|Any CPU.Build.0 = Debug|Any CPU
		{BAFF8AE0-7A76-4A23-95D3-BF8A67018738}.Release|Any CPU.ActiveCfg = Release|Any CPU
		{BAFF8AE0-7A76-4A23-95D3-BF8A67018738}.Release|Any CPU.Build.0 = Release|Any CPU
		{CC65C70D-00E6-46C1-9349-A822C1443051}.Debug|Any CPU.ActiveCfg = Debug|Any CPU
		{CC65C70D-00E6-46C1-9349-A822C1443051}.Debug|Any CPU.Build.0 = Debug|Any CPU
		{CC65C70D-00E6-46C1-9349-A822C1443051}.Release|Any CPU.ActiveCfg = Release|Any CPU
		{CC65C70D-00E6-46C1-9349-A822C1443051}.Release|Any CPU.Build.0 = Release|Any CPU
	EndGlobalSection
	GlobalSection(SolutionProperties) = preSolution
		HideSolutionNode = FALSE
	EndGlobalSection
	GlobalSection(ExtensibilityGlobals) = postSolution
		SolutionGuid = {337C2BE0-AECD-45A6-B5D7-D55A17677406}
	EndGlobalSection
EndGlobal
